
Microsoft Visual Studio Solution File, Format Version 12.00
# Visual Studio Version 16
VisualStudioVersion = 16.0.31019.35
MinimumVisualStudioVersion = 10.0.40219.1
Project("{FAE04EC0-301F-11D3-BF4B-00C04F79EFBC}") = "WebServices.WebAPI", "WebServices.WebAPI\WebServices.WebAPI.csproj", "{600C54C7-D24B-4E9E-B4D7-8571D788647E}"
EndProject
Project("{FAE04EC0-301F-11D3-BF4B-00C04F79EFBC}") = "WebServices.SOAP", "WebServices.SOAP\WebServices.SOAP.csproj", "{B1810A2E-88CE-4160-AFF9-EBB50B34ADB6}"
EndProject
Global
	GlobalSection(SolutionConfigurationPlatforms) = preSolution
		Debug|Any CPU = Debug|Any CPU
		Release|Any CPU = Release|Any CPU
	EndGlobalSection
	GlobalSection(ProjectConfigurationPlatforms) = postSolution
		{600C54C7-D24B-4E9E-B4D7-8571D788647E}.Debug|Any CPU.ActiveCfg = Debug|Any CPU
		{600C54C7-D24B-4E9E-B4D7-8571D788647E}.Debug|Any CPU.Build.0 = Debug|Any CPU
		{600C54C7-D24B-4E9E-B4D7-8571D788647E}.Release|Any CPU.ActiveCfg = Release|Any CPU
		{600C54C7-D24B-4E9E-B4D7-8571D788647E}.Release|Any CPU.Build.0 = Release|Any CPU
		{B1810A2E-88CE-4160-AFF9-EBB50B34ADB6}.Debug|Any CPU.ActiveCfg = Debug|Any CPU
		{B1810A2E-88CE-4160-AFF9-EBB50B34ADB6}.Debug|Any CPU.Build.0 = Debug|Any CPU
		{B1810A2E-88CE-4160-AFF9-EBB50B34ADB6}.Release|Any CPU.ActiveCfg = Release|Any CPU
		{B1810A2E-88CE-4160-AFF9-EBB50B34ADB6}.Release|Any CPU.Build.0 = Release|Any CPU
	EndGlobalSection
	GlobalSection(SolutionProperties) = preSolution
		HideSolutionNode = FALSE
	EndGlobalSection
	GlobalSection(ExtensibilityGlobals) = postSolution
		SolutionGuid = {DA4FB03D-777A-408C-94CD-0270FFEE232F}
	EndGlobalSection
EndGlobal
